
Microsoft Visual Studio Solution File, Format Version 12.00
# Visual Studio Version 17
VisualStudioVersion = 17.5.33530.505
MinimumVisualStudioVersion = 10.0.40219.1
Project("{FAE04EC0-301F-11D3-BF4B-00C04F79EFBC}") = "Widget", "Widget\Widget.csproj", "{89078397-A707-4563-A5B2-05F96AAE94FE}"
EndProject
Global
	GlobalSection(SolutionConfigurationPlatforms) = preSolution
		Debug|Any CPU = Debug|Any CPU
		Release|Any CPU = Release|Any CPU
	EndGlobalSection
	GlobalSection(ProjectConfigurationPlatforms) = postSolution
		{89078397-A707-4563-A5B2-05F96AAE94FE}.Debug|Any CPU.ActiveCfg = Debug|Any CPU
		{89078397-A707-4563-A5B2-05F96AAE94FE}.Debug|Any CPU.Build.0 = Debug|Any CPU
		{89078397-A707-4563-A5B2-05F96AAE94FE}.Release|Any CPU.ActiveCfg = Release|Any CPU
		{89078397-A707-4563-A5B2-05F96AAE94FE}.Release|Any CPU.Build.0 = Release|Any CPU
	EndGlobalSection
	GlobalSection(SolutionProperties) = preSolution
		HideSolutionNode = FALSE
	EndGlobalSection
	GlobalSection(ExtensibilityGlobals) = postSolution
		SolutionGuid = {64606CB0-1FA7-4372-90E2-77EE8038DD11}
	EndGlobalSection
EndGlobal
